
Microsoft Visual Studio Solution File, Format Version 12.00
# Visual Studio 15
VisualStudioVersion = 15.0.27004.2005
MinimumVisualStudioVersion = 10.0.40219.1
Project("{8BC9CEB8-8B4A-11D0-8D11-00A0C91BC942}") = "Operator_overloading", "Operator_overloading.vcxproj", "{D7E61695-F1C9-4CE1-A4EF-76B993951032}"
EndProject
Global
	GlobalSection(SolutionConfigurationPlatforms) = preSolution
		Debug|x64 = Debug|x64
		Debug|x86 = Debug|x86
		Release|x64 = Release|x64
		Release|x86 = Release|x86
	EndGlobalSection
	GlobalSection(ProjectConfigurationPlatforms) = postSolution
		{D7E61695-F1C9-4CE1-A4EF-76B993951032}.Debug|x64.ActiveCfg = Debug|x64
		{D7E61695-F1C9-4CE1-A4EF-76B993951032}.Debug|x64.Build.0 = Debug|x64
		{D7E61695-F1C9-4CE1-A4EF-76B993951032}.Debug|x86.ActiveCfg = Debug|Win32
		{D7E61695-F1C9-4CE1-A4EF-76B993951032}.Debug|x86.Build.0 = Debug|Win32
		{D7E61695-F1C9-4CE1-A4EF-76B993951032}.Release|x64.ActiveCfg = Release|x64
		{D7E61695-F1C9-4CE1-A4EF-76B993951032}.Release|x64.Build.0 = Release|x64
		{D7E61695-F1C9-4CE1-A4EF-76B993951032}.Release|x86.ActiveCfg = Release|Win32
		{D7E61695-F1C9-4CE1-A4EF-76B993951032}.Release|x86.Build.0 = Release|Win32
	EndGlobalSection
	GlobalSection(SolutionProperties) = preSolution
		HideSolutionNode = FALSE
	EndGlobalSection
	GlobalSection(ExtensibilityGlobals) = postSolution
		SolutionGuid = {4A8C8BD2-8839-4835-ACD6-E7A26E6316B3}
	EndGlobalSection
EndGlobal
